
Microsoft Visual Studio Solution File, Format Version 12.00
# Visual Studio Version 17
VisualStudioVersion = 17.0.31903.59
MinimumVisualStudioVersion = 10.0.40219.1
Project("{FAE04EC0-301F-11D3-BF4B-00C04F79EFBC}") = "SampleAvaloniaNUnit", "SampleAvaloniaNUnit\SampleAvaloniaNUnit.csproj", "{0CA68D23-AF1A-4454-9A2F-AF388D780092}"
EndProject
Project("{FAE04EC0-301F-11D3-BF4B-00C04F79EFBC}") = "SampleAvaloniaNUnit.Tests", "SampleAvaloniaNUnit.Tests\SampleAvaloniaNUnit.Tests.csproj", "{7E4C8702-FCFB-45F8-BE1C-33C5D174A27E}"
EndProject
Global
	GlobalSection(SolutionConfigurationPlatforms) = preSolution
		Debug|Any CPU = Debug|Any CPU
		Release|Any CPU = Release|Any CPU
	EndGlobalSection
	GlobalSection(SolutionProperties) = preSolution
		HideSolutionNode = FALSE
	EndGlobalSection
	GlobalSection(ProjectConfigurationPlatforms) = postSolution
		{0CA68D23-AF1A-4454-9A2F-AF388D780092}.Debug|Any CPU.ActiveCfg = Debug|Any CPU
		{0CA68D23-AF1A-4454-9A2F-AF388D780092}.Debug|Any CPU.Build.0 = Debug|Any CPU
		{0CA68D23-AF1A-4454-9A2F-AF388D780092}.Release|Any CPU.ActiveCfg = Release|Any CPU
		{0CA68D23-AF1A-4454-9A2F-AF388D780092}.Release|Any CPU.Build.0 = Release|Any CPU
		{7E4C8702-FCFB-45F8-BE1C-33C5D174A27E}.Debug|Any CPU.ActiveCfg = Debug|Any CPU
		{7E4C8702-FCFB-45F8-BE1C-33C5D174A27E}.Debug|Any CPU.Build.0 = Debug|Any CPU
		{7E4C8702-FCFB-45F8-BE1C-33C5D174A27E}.Release|Any CPU.ActiveCfg = Release|Any CPU
		{7E4C8702-FCFB-45F8-BE1C-33C5D174A27E}.Release|Any CPU.Build.0 = Release|Any CPU
	EndGlobalSection
EndGlobal
